
Microsoft Visual Studio Solution File, Format Version 12.00
# Visual Studio Version 16
VisualStudioVersion = 16.0.30413.136
MinimumVisualStudioVersion = 10.0.40219.1
Project("{FAE04EC0-301F-11D3-BF4B-00C04F79EFBC}") = "NoteKeeper.Android", "NoteKeeper\NoteKeeper.Android\NoteKeeper.Android.csproj", "{4FCDD6E6-5AD7-48B7-B834-0A6C7D63D25F}"
EndProject
Project("{FAE04EC0-301F-11D3-BF4B-00C04F79EFBC}") = "NoteKeeper.iOS", "NoteKeeper\NoteKeeper.iOS\NoteKeeper.iOS.csproj", "{321CA7FA-2464-4304-A627-F14C95F19DB8}"
EndProject
Project("{FAE04EC0-301F-11D3-BF4B-00C04F79EFBC}") = "NoteKeeper", "NoteKeeper\NoteKeeper\NoteKeeper.csproj", "{857F9023-D6EF-45F2-922D-980F93C26EFA}"
EndProject
Global
	GlobalSection(SolutionConfigurationPlatforms) = preSolution
		Debug|Any CPU = Debug|Any CPU
		Debug|iPhone = Debug|iPhone
		Debug|iPhoneSimulator = Debug|iPhoneSimulator
		Release|Any CPU = Release|Any CPU
		Release|iPhone = Release|iPhone
		Release|iPhoneSimulator = Release|iPhoneSimulator
	EndGlobalSection
	GlobalSection(ProjectConfigurationPlatforms) = postSolution
		{4FCDD6E6-5AD7-48B7-B834-0A6C7D63D25F}.Debug|Any CPU.ActiveCfg = Debug|Any CPU
		{4FCDD6E6-5AD7-48B7-B834-0A6C7D63D25F}.Debug|Any CPU.Build.0 = Debug|Any CPU
		{4FCDD6E6-5AD7-48B7-B834-0A6C7D63D25F}.Debug|Any CPU.Deploy.0 = Debug|Any CPU
		{4FCDD6E6-5AD7-48B7-B834-0A6C7D63D25F}.Debug|iPhone.ActiveCfg = Debug|Any CPU
		{4FCDD6E6-5AD7-48B7-B834-0A6C7D63D25F}.Debug|iPhone.Build.0 = Debug|Any CPU
		{4FCDD6E6-5AD7-48B7-B834-0A6C7D63D25F}.Debug|iPhone.Deploy.0 = Debug|Any CPU
		{4FCDD6E6-5AD7-48B7-B834-0A6C7D63D25F}.Debug|iPhoneSimulator.ActiveCfg = Debug|Any CPU
		{4FCDD6E6-5AD7-48B7-B834-0A6C7D63D25F}.Debug|iPhoneSimulator.Build.0 = Debug|Any CPU
		{4FCDD6E6-5AD7-48B7-B834-0A6C7D63D25F}.Debug|iPhoneSimulator.Deploy.0 = Debug|Any CPU
		{4FCDD6E6-5AD7-48B7-B834-0A6C7D63D25F}.Release|Any CPU.ActiveCfg = Release|Any CPU
		{4FCDD6E6-5AD7-48B7-B834-0A6C7D63D25F}.Release|Any CPU.Build.0 = Release|Any CPU
		{4FCDD6E6-5AD7-48B7-B834-0A6C7D63D25F}.Release|Any CPU.Deploy.0 = Release|Any CPU
		{4FCDD6E6-5AD7-48B7-B834-0A6C7D63D25F}.Release|iPhone.ActiveCfg = Release|Any CPU
		{4FCDD6E6-5AD7-48B7-B834-0A6C7D63D25F}.Release|iPhone.Build.0 = Release|Any CPU
		{4FCDD6E6-5AD7-48B7-B834-0A6C7D63D25F}.Release|iPhone.Deploy.0 = Release|Any CPU
		{4FCDD6E6-5AD7-48B7-B834-0A6C7D63D25F}.Release|iPhoneSimulator.ActiveCfg = Release|Any CPU
		{4FCDD6E6-5AD7-48B7-B834-0A6C7D63D25F}.Release|iPhoneSimulator.Build.0 = Release|Any CPU
		{4FCDD6E6-5AD7-48B7-B834-0A6C7D63D25F}.Release|iPhoneSimulator.Deploy.0 = Release|Any CPU
		{321CA7FA-2464-4304-A627-F14C95F19DB8}.Debug|Any CPU.ActiveCfg = Debug|iPhone
		{321CA7FA-2464-4304-A627-F14C95F19DB8}.Debug|Any CPU.Build.0 = Debug|iPhone
		{321CA7FA-2464-4304-A627-F14C95F19DB8}.Debug|Any CPU.Deploy.0 = Debug|iPhone
		{321CA7FA-2464-4304-A627-F14C95F19DB8}.Debug|iPhone.ActiveCfg = Debug|iPhone
		{321CA7FA-2464-4304-A627-F14C95F19DB8}.Debug|iPhone.Build.0 = Debug|iPhone
		{321CA7FA-2464-4304-A627-F14C95F19DB8}.Debug|iPhone.Deploy.0 = Debug|iPhone
		{321CA7FA-2464-4304-A627-F14C95F19DB8}.Debug|iPhoneSimulator.ActiveCfg = Debug|iPhoneSimulator
		{321CA7FA-2464-4304-A627-F14C95F19DB8}.Debug|iPhoneSimulator.Build.0 = Debug|iPhoneSimulator
		{321CA7FA-2464-4304-A627-F14C95F19DB8}.Debug|iPhoneSimulator.Deploy.0 = Debug|iPhoneSimulator
		{321CA7FA-2464-4304-A627-F14C95F19DB8}.Release|Any CPU.ActiveCfg = Release|iPhone
		{321CA7FA-2464-4304-A627-F14C95F19DB8}.Release|Any CPU.Build.0 = Release|iPhone
		{321CA7FA-2464-4304-A627-F14C95F19DB8}.Release|Any CPU.Deploy.0 = Release|iPhone
		{321CA7FA-2464-4304-A627-F14C95F19DB8}.Release|iPhone.ActiveCfg = Release|iPhone
		{321CA7FA-2464-4304-A627-F14C95F19DB8}.Release|iPhone.Build.0 = Release|iPhone
		{321CA7FA-2464-4304-A627-F14C95F19DB8}.Release|iPhone.Deploy.0 = Release|iPhone
		{321CA7FA-2464-4304-A627-F14C95F19DB8}.Release|iPhoneSimulator.ActiveCfg = Release|iPhoneSimulator
		{321CA7FA-2464-4304-A627-F14C95F19DB8}.Release|iPhoneSimulator.Build.0 = Release|iPhoneSimulator
		{321CA7FA-2464-4304-A627-F14C95F19DB8}.Release|iPhoneSimulator.Deploy.0 = Release|iPhoneSimulator
		{857F9023-D6EF-45F2-922D-980F93C26EFA}.Debug|Any CPU.ActiveCfg = Debug|Any CPU
		{857F9023-D6EF-45F2-922D-980F93C26EFA}.Debug|Any CPU.Build.0 = Debug|Any CPU
		{857F9023-D6EF-45F2-922D-980F93C26EFA}.Debug|Any CPU.Deploy.0 = Debug|Any CPU
		{857F9023-D6EF-45F2-922D-980F93C26EFA}.Debug|iPhone.ActiveCfg = Debug|Any CPU
		{857F9023-D6EF-45F2-922D-980F93C26EFA}.Debug|iPhone.Build.0 = Debug|Any CPU
		{857F9023-D6EF-45F2-922D-980F93C26EFA}.Debug|iPhone.Deploy.0 = Debug|Any CPU
		{857F9023-D6EF-45F2-922D-980F93C26EFA}.Debug|iPhoneSimulator.ActiveCfg = Debug|Any CPU
		{857F9023-D6EF-45F2-922D-980F93C26EFA}.Debug|iPhoneSimulator.Build.0 = Debug|Any CPU
		{857F9023-D6EF-45F2-922D-980F93C26EFA}.Debug|iPhoneSimulator.Deploy.0 = Debug|Any CPU
		{857F9023-D6EF-45F2-922D-980F93C26EFA}.Release|Any CPU.ActiveCfg = Release|Any CPU
		{857F9023-D6EF-45F2-922D-980F93C26EFA}.Release|Any CPU.Build.0 = Release|Any CPU
		{857F9023-D6EF-45F2-922D-980F93C26EFA}.Release|Any CPU.Deploy.0 = Release|Any CPU
		{857F9023-D6EF-45F2-922D-980F93C26EFA}.Release|iPhone.ActiveCfg = Release|Any CPU
		{857F9023-D6EF-45F2-922D-980F93C26EFA}.Release|iPhone.Build.0 = Release|Any CPU
		{857F9023-D6EF-45F2-922D-980F93C26EFA}.Release|iPhone.Deploy.0 = Release|Any CPU
		{857F9023-D6EF-45F2-922D-980F93C26EFA}.Release|iPhoneSimulator.ActiveCfg = Release|Any CPU
		{857F9023-D6EF-45F2-922D-980F93C26EFA}.Release|iPhoneSimulator.Build.0 = Release|Any CPU
		{857F9023-D6EF-45F2-922D-980F93C26EFA}.Release|iPhoneSimulator.Deploy.0 = Release|Any CPU
	EndGlobalSection
	GlobalSection(SolutionProperties) = preSolution
		HideSolutionNode = FALSE
	EndGlobalSection
	GlobalSection(ExtensibilityGlobals) = postSolution
		SolutionGuid = {68E112CE-2B75-4344-939A-5DE10EA7C156}
	EndGlobalSection
EndGlobal
